
Microsoft Visual Studio Solution File, Format Version 12.00
# Visual Studio Version 16
VisualStudioVersion = 16.0.31613.86
MinimumVisualStudioVersion = 10.0.40219.1
Project("{FAE04EC0-301F-11D3-BF4B-00C04F79EFBC}") = "gerencianet", "gerencianet\gerencianet.csproj", "{8745F8C2-3113-4CF5-84FD-4A921270B7FE}"
EndProject
Project("{FAE04EC0-301F-11D3-BF4B-00C04F79EFBC}") = "Debug", "Debug\Debug.csproj", "{3B727538-4FD0-41B5-9567-D2511A73310F}"
EndProject
Global
	GlobalSection(SolutionConfigurationPlatforms) = preSolution
		Debug|Any CPU = Debug|Any CPU
		Release|Any CPU = Release|Any CPU
	EndGlobalSection
	GlobalSection(ProjectConfigurationPlatforms) = postSolution
		{8745F8C2-3113-4CF5-84FD-4A921270B7FE}.Debug|Any CPU.ActiveCfg = Debug|Any CPU
		{8745F8C2-3113-4CF5-84FD-4A921270B7FE}.Debug|Any CPU.Build.0 = Debug|Any CPU
		{8745F8C2-3113-4CF5-84FD-4A921270B7FE}.Release|Any CPU.ActiveCfg = Release|Any CPU
		{8745F8C2-3113-4CF5-84FD-4A921270B7FE}.Release|Any CPU.Build.0 = Release|Any CPU
		{3B727538-4FD0-41B5-9567-D2511A73310F}.Debug|Any CPU.ActiveCfg = Debug|Any CPU
		{3B727538-4FD0-41B5-9567-D2511A73310F}.Debug|Any CPU.Build.0 = Debug|Any CPU
		{3B727538-4FD0-41B5-9567-D2511A73310F}.Release|Any CPU.ActiveCfg = Release|Any CPU
		{3B727538-4FD0-41B5-9567-D2511A73310F}.Release|Any CPU.Build.0 = Release|Any CPU
	EndGlobalSection
	GlobalSection(SolutionProperties) = preSolution
		HideSolutionNode = FALSE
	EndGlobalSection
	GlobalSection(ExtensibilityGlobals) = postSolution
		SolutionGuid = {5730F5C9-C5F5-426C-A563-EB862BEB9A32}
	EndGlobalSection
EndGlobal
